
Microsoft Visual Studio Solution File, Format Version 12.00
# Visual Studio Version 17
VisualStudioVersion = 17.1.32210.238
MinimumVisualStudioVersion = 10.0.40219.1
Project("{FAE04EC0-301F-11D3-BF4B-00C04F79EFBC}") = "KoiVM.Runtime", "KoiVM.Runtime\KoiVM.Runtime.csproj", "{1A1DA722-FE8A-4B49-86ED-DC582F0B0B47}"
EndProject
Project("{FAE04EC0-301F-11D3-BF4B-00C04F79EFBC}") = "KoiVM", "KoiVM\KoiVM.csproj", "{9E333771-BC67-4120-9C67-D15311C0F67C}"
EndProject
Project("{FAE04EC0-301F-11D3-BF4B-00C04F79EFBC}") = "KoiVM.Console", "KoiVM.Console\KoiVM.Console.csproj", "{7B4CC52C-6682-40DF-BE9E-0177DC358DF5}"
EndProject
Project("{FAE04EC0-301F-11D3-BF4B-00C04F79EFBC}") = "OneVM.Helper", "..\OneVM.Helper\OneVM.Helper\OneVM.Helper.csproj", "{9B0C720C-8239-4443-9C0B-D18910975BA1}"
EndProject
Global
	GlobalSection(SolutionConfigurationPlatforms) = preSolution
		Debug|Any CPU = Debug|Any CPU
		Release|Any CPU = Release|Any CPU
		Trace|Any CPU = Trace|Any CPU
	EndGlobalSection
	GlobalSection(ProjectConfigurationPlatforms) = postSolution
		{1A1DA722-FE8A-4B49-86ED-DC582F0B0B47}.Debug|Any CPU.ActiveCfg = Debug|Any CPU
		{1A1DA722-FE8A-4B49-86ED-DC582F0B0B47}.Debug|Any CPU.Build.0 = Debug|Any CPU
		{1A1DA722-FE8A-4B49-86ED-DC582F0B0B47}.Release|Any CPU.ActiveCfg = Release|Any CPU
		{1A1DA722-FE8A-4B49-86ED-DC582F0B0B47}.Release|Any CPU.Build.0 = Release|Any CPU
		{1A1DA722-FE8A-4B49-86ED-DC582F0B0B47}.Trace|Any CPU.ActiveCfg = Trace|Any CPU
		{1A1DA722-FE8A-4B49-86ED-DC582F0B0B47}.Trace|Any CPU.Build.0 = Trace|Any CPU
		{9E333771-BC67-4120-9C67-D15311C0F67C}.Debug|Any CPU.ActiveCfg = Debug|Any CPU
		{9E333771-BC67-4120-9C67-D15311C0F67C}.Debug|Any CPU.Build.0 = Debug|Any CPU
		{9E333771-BC67-4120-9C67-D15311C0F67C}.Release|Any CPU.ActiveCfg = Release|Any CPU
		{9E333771-BC67-4120-9C67-D15311C0F67C}.Release|Any CPU.Build.0 = Release|Any CPU
		{9E333771-BC67-4120-9C67-D15311C0F67C}.Trace|Any CPU.ActiveCfg = Trace|Any CPU
		{9E333771-BC67-4120-9C67-D15311C0F67C}.Trace|Any CPU.Build.0 = Trace|Any CPU
		{7B4CC52C-6682-40DF-BE9E-0177DC358DF5}.Debug|Any CPU.ActiveCfg = Debug|Any CPU
		{7B4CC52C-6682-40DF-BE9E-0177DC358DF5}.Debug|Any CPU.Build.0 = Debug|Any CPU
		{7B4CC52C-6682-40DF-BE9E-0177DC358DF5}.Release|Any CPU.ActiveCfg = Release|Any CPU
		{7B4CC52C-6682-40DF-BE9E-0177DC358DF5}.Release|Any CPU.Build.0 = Release|Any CPU
		{7B4CC52C-6682-40DF-BE9E-0177DC358DF5}.Trace|Any CPU.ActiveCfg = Release|Any CPU
		{7B4CC52C-6682-40DF-BE9E-0177DC358DF5}.Trace|Any CPU.Build.0 = Release|Any CPU
		{9B0C720C-8239-4443-9C0B-D18910975BA1}.Debug|Any CPU.ActiveCfg = Debug|Any CPU
		{9B0C720C-8239-4443-9C0B-D18910975BA1}.Debug|Any CPU.Build.0 = Debug|Any CPU
		{9B0C720C-8239-4443-9C0B-D18910975BA1}.Release|Any CPU.ActiveCfg = Release|Any CPU
		{9B0C720C-8239-4443-9C0B-D18910975BA1}.Release|Any CPU.Build.0 = Release|Any CPU
		{9B0C720C-8239-4443-9C0B-D18910975BA1}.Trace|Any CPU.ActiveCfg = Debug|Any CPU
		{9B0C720C-8239-4443-9C0B-D18910975BA1}.Trace|Any CPU.Build.0 = Debug|Any CPU
	EndGlobalSection
	GlobalSection(SolutionProperties) = preSolution
		HideSolutionNode = FALSE
	EndGlobalSection
	GlobalSection(ExtensibilityGlobals) = postSolution
		SolutionGuid = {BCB8E142-5247-4496-9A89-041E639A524C}
	EndGlobalSection
EndGlobal
